
Microsoft Visual Studio Solution File, Format Version 12.00
# Visual Studio Version 17
VisualStudioVersion = 17.8.34525.116
MinimumVisualStudioVersion = 10.0.40219.1
Project("{FAE04EC0-301F-11D3-BF4B-00C04F79EFBC}") = "MedicsAPI", "MedicsAPI\MedicsAPI.csproj", "{CDBDFB12-68F3-4EB1-A296-CF5D823C4DCC}"
EndProject
Global
	GlobalSection(SolutionConfigurationPlatforms) = preSolution
		Debug|Any CPU = Debug|Any CPU
		Release|Any CPU = Release|Any CPU
	EndGlobalSection
	GlobalSection(ProjectConfigurationPlatforms) = postSolution
		{CDBDFB12-68F3-4EB1-A296-CF5D823C4DCC}.Debug|Any CPU.ActiveCfg = Debug|Any CPU
		{CDBDFB12-68F3-4EB1-A296-CF5D823C4DCC}.Debug|Any CPU.Build.0 = Debug|Any CPU
		{CDBDFB12-68F3-4EB1-A296-CF5D823C4DCC}.Release|Any CPU.ActiveCfg = Release|Any CPU
		{CDBDFB12-68F3-4EB1-A296-CF5D823C4DCC}.Release|Any CPU.Build.0 = Release|Any CPU
	EndGlobalSection
	GlobalSection(SolutionProperties) = preSolution
		HideSolutionNode = FALSE
	EndGlobalSection
	GlobalSection(ExtensibilityGlobals) = postSolution
		SolutionGuid = {53BDB173-EAFF-426B-8C00-3E66AFE715A7}
	EndGlobalSection
EndGlobal
